{
  "name": "wikigame",
  "version": "1.0.0",
  "lockfileVersion": 1,
  "requires": true,
  "dependencies": {
    "lodash": {
      "version": "4.17.13",
      "resolved": "https://registry.npmjs.org/lodash/-/lodash-4.17.13.tgz",
      "integrity": "sha512-vm3/XWXfWtRua0FkUyEHBZy8kCPjErNBT9fJx8Zvs+U6zjqPbTUOpkaoum3O5uiA8sm+yNMHXfYkTUHFoMxFNA=="
    },
    "promises-pipes": {
      "version": "0.0.4",
      "resolved": "https://registry.npmjs.org/promises-pipes/-/promises-pipes-0.0.4.tgz",
      "integrity": "sha512-OJovVxX3ysh4qVF4sa2h74Iwkni5AvHx3t7H5pN9wtPpk47ZaI6jx7yzxPOujtIvnqPaF1AWGrPdV5eJtTZPTg=="
    }
  }
}
